
Microsoft Visual Studio Solution File, Format Version 12.00
# Visual Studio Version 17
VisualStudioVersion = 17.9.34714.143
MinimumVisualStudioVersion = 10.0.40219.1
Project("{FAE04EC0-301F-11D3-BF4B-00C04F79EFBC}") = "MoneyTrackerCSHARP", "MoneyTrackerCSHARP\MoneyTrackerCSHARP.csproj", "{8335DF37-3F56-4F33-83DA-475249F31583}"
EndProject
Global
	GlobalSection(SolutionConfigurationPlatforms) = preSolution
		Debug|Any CPU = Debug|Any CPU
		Release|Any CPU = Release|Any CPU
	EndGlobalSection
	GlobalSection(ProjectConfigurationPlatforms) = postSolution
		{8335DF37-3F56-4F33-83DA-475249F31583}.Debug|Any CPU.ActiveCfg = Debug|Any CPU
		{8335DF37-3F56-4F33-83DA-475249F31583}.Debug|Any CPU.Build.0 = Debug|Any CPU
		{8335DF37-3F56-4F33-83DA-475249F31583}.Release|Any CPU.ActiveCfg = Release|Any CPU
		{8335DF37-3F56-4F33-83DA-475249F31583}.Release|Any CPU.Build.0 = Release|Any CPU
	EndGlobalSection
	GlobalSection(SolutionProperties) = preSolution
		HideSolutionNode = FALSE
	EndGlobalSection
	GlobalSection(ExtensibilityGlobals) = postSolution
		SolutionGuid = {66161202-2D4F-4697-875B-91A14BA43228}
	EndGlobalSection
EndGlobal
